
Microsoft Visual Studio Solution File, Format Version 12.00
# Visual Studio Version 17
VisualStudioVersion = 17.3.32929.385
MinimumVisualStudioVersion = 10.0.40219.1
Project("{9A19103F-16F7-4668-BE54-9A1E7A4F7556}") = "TechnicalTestBravi.StringOrder", "TechnicalTestBravi.StringOrder\TechnicalTestBravi.StringOrder.csproj", "{B24B748E-9CB1-4D71-9023-22A4B7A4187D}"
EndProject
Project("{9A19103F-16F7-4668-BE54-9A1E7A4F7556}") = "TechnicalTestBravi.Api", "TechnicalTestBravi.Api\TechnicalTestBravi.Api.csproj", "{30F98114-6841-4C82-845D-AA7B7493AEC1}"
EndProject
Global
	GlobalSection(SolutionConfigurationPlatforms) = preSolution
		Debug|Any CPU = Debug|Any CPU
		Release|Any CPU = Release|Any CPU
	EndGlobalSection
	GlobalSection(ProjectConfigurationPlatforms) = postSolution
		{B24B748E-9CB1-4D71-9023-22A4B7A4187D}.Debug|Any CPU.ActiveCfg = Debug|Any CPU
		{B24B748E-9CB1-4D71-9023-22A4B7A4187D}.Debug|Any CPU.Build.0 = Debug|Any CPU
		{B24B748E-9CB1-4D71-9023-22A4B7A4187D}.Release|Any CPU.ActiveCfg = Release|Any CPU
		{B24B748E-9CB1-4D71-9023-22A4B7A4187D}.Release|Any CPU.Build.0 = Release|Any CPU
		{30F98114-6841-4C82-845D-AA7B7493AEC1}.Debug|Any CPU.ActiveCfg = Debug|Any CPU
		{30F98114-6841-4C82-845D-AA7B7493AEC1}.Debug|Any CPU.Build.0 = Debug|Any CPU
		{30F98114-6841-4C82-845D-AA7B7493AEC1}.Release|Any CPU.ActiveCfg = Release|Any CPU
		{30F98114-6841-4C82-845D-AA7B7493AEC1}.Release|Any CPU.Build.0 = Release|Any CPU
	EndGlobalSection
	GlobalSection(SolutionProperties) = preSolution
		HideSolutionNode = FALSE
	EndGlobalSection
	GlobalSection(ExtensibilityGlobals) = postSolution
		SolutionGuid = {FA87B191-19AD-4516-BA1D-12ED37E7649B}
	EndGlobalSection
EndGlobal
